// !$*UTF8*$!
{
	archiveVersion = 1;
	classes = {
	};
	objectVersion = 46;
	objects = {

/* Begin PBXBuildFile section */
		C3E0CBC41E54F2FD003CB946 /* AppDelegate.swift in Sources */ = {isa = PBXBuildFile; fileRef = C3E0CBC31E54F2FD003CB946 /* AppDelegate.swift */; };
		C3E0CBC91E54F2FD003CB946 /* Main.storyboard in Resources */ = {isa = PBXBuildFile; fileRef = C3E0CBC71E54F2FD003CB946 /* Main.storyboard */; };
		C3E0CBCB1E54F2FD003CB946 /* Assets.xcassets in Resources */ = {isa = PBXBuildFile; fileRef = C3E0CBCA1E54F2FD003CB946 /* Assets.xcassets */; };
		C3E0CBCE1E54F2FD003CB946 /* LaunchScreen.storyboard in Resources */ = {isa = PBXBuildFile; fileRef = C3E0CBCC1E54F2FD003CB946 /* LaunchScreen.storyboard */; };
		C3E0CBD61E54F491003CB946 /* TaskListTableViewController.swift in Sources */ = {isa = PBXBuildFile; fileRef = C3E0CBD51E54F491003CB946 /* TaskListTableViewController.swift */; };
		C3E0CBD81E54F55D003CB946 /* TaskDetailTableViewController.swift in Sources */ = {isa = PBXBuildFile; fileRef = C3E0CBD71E54F55D003CB946 /* TaskDetailTableViewController.swift */; };
		C3E0CBDA1E54F5B1003CB946 /* CoreDataStack.swift in Sources */ = {isa = PBXBuildFile; fileRef = C3E0CBD91E54F5B1003CB946 /* CoreDataStack.swift */; };
/* End PBXBuildFile section */

/* Begin PBXFileReference section */
		C3E0CBC01E54F2FD003CB946 /* Day 8 Task.app */ = {isa = PBXFileReference; explicitFileType = wrapper.application; includeInIndex = 0; path = "Day 8 Task.app"; sourceTree = BUILT_PRODUCTS_DIR; };
		C3E0CBC31E54F2FD003CB946 /* AppDelegate.swift */ = {isa = PBXFileReference; lastKnownFileType = sourcecode.swift; path = AppDelegate.swift; sourceTree = "<group>"; };
		C3E0CBC81E54F2FD003CB946 /* Base */ = {isa = PBXFileReference; lastKnownFileType = file.storyboard; name = Base; path = Base.lproj/Main.storyboard; sourceTree = "<group>"; };
		C3E0CBCA1E54F2FD003CB946 /* Assets.xcassets */ = {isa = PBXFileReference; lastKnownFileType = folder.assetcatalog; path = Assets.xcassets; sourceTree = "<group>"; };
		C3E0CBCD1E54F2FD003CB946 /* Base */ = {isa = PBXFileReference; lastKnownFileType = file.storyboard; name = Base; path = Base.lproj/LaunchScreen.storyboard; sourceTree = "<group>"; };
		C3E0CBCF1E54F2FD003CB946 /* Info.plist */ = {isa = PBXFileReference; lastKnownFileType = text.plist.xml; path = Info.plist; sourceTree = "<group>"; };
		C3E0CBD51E54F491003CB946 /* TaskListTableViewController.swift */ = {isa = PBXFileReference; fileEncoding = 4; lastKnownFileType = sourcecode.swift; path = TaskListTableViewController.swift; sourceTree = "<group>"; };
		C3E0CBD71E54F55D003CB946 /* TaskDetailTableViewController.swift */ = {isa = PBXFileReference; fileEncoding = 4; lastKnownFileType = sourcecode.swift; path = TaskDetailTableViewController.swift; sourceTree = "<group>"; };
		C3E0CBD91E54F5B1003CB946 /* CoreDataStack.swift */ = {isa = PBXFileReference; fileEncoding = 4; lastKnownFileType = sourcecode.swift; path = CoreDataStack.swift; sourceTree = "<group>"; };
/* End PBXFileReference section */

/* Begin PBXFrameworksBuildPhase section */
		C3E0CBBD1E54F2FD003CB946 /* Frameworks */ = {
			isa = PBXFrameworksBuildPhase;
			buildActionMask = 2147483647;
			files = (
			);
			runOnlyForDeploymentPostprocessing = 0;
		};
/* End PBXFrameworksBuildPhase section */

/* Begin PBXGroup section */
		C3E0CBB71E54F2FD003CB946 = {
			isa = PBXGroup;
			children = (
				C3E0CBC21E54F2FD003CB946 /* Day 8 Task */,
				C3E0CBC11E54F2FD003CB946 /* Products */,
			);
			sourceTree = "<group>";
		};
		C3E0CBC11E54F2FD003CB946 /* Products */ = {
			isa = PBXGroup;
			children = (
				C3E0CBC01E54F2FD003CB946 /* Day 8 Task.app */,
			);
			name = Products;
			sourceTree = "<group>";
		};
		C3E0CBC21E54F2FD003CB946 /* Day 8 Task */ = {
			isa = PBXGroup;
			children = (
				C3E0CBC31E54F2FD003CB946 /* AppDelegate.swift */,
				C3E0CBC71E54F2FD003CB946 /* Main.storyboard */,
				C3E0CBD91E54F5B1003CB946 /* CoreDataStack.swift */,
				C3E0CBD71E54F55D003CB946 /* TaskDetailTableViewController.swift */,
				C3E0CBD51E54F491003CB946 /* TaskListTableViewController.swift */,
				C3E0CBCA1E54F2FD003CB946 /* Assets.xcassets */,
				C3E0CBCC1E54F2FD003CB946 /* LaunchScreen.storyboard */,
				C3E0CBCF1E54F2FD003CB946 /* Info.plist */,
			);
			path = "Day 8 Task";
			sourceTree = "<group>";
		};
/* End PBXGroup section */

/* Begin PBXNativeTarget section */
		C3E0CBBF1E54F2FD003CB946 /* Day 8 Task */ = {
			isa = PBXNativeTarget;
			buildConfigurationList = C3E0CBD21E54F2FD003CB946 /* Build configuration list for PBXNativeTarget "Day 8 Task" */;
			buildPhases = (
				C3E0CBBC1E54F2FD003CB946 /* Sources */,
				C3E0CBBD1E54F2FD003CB946 /* Frameworks */,
				C3E0CBBE1E54F2FD003CB946 /* Resources */,
			);
			buildRules = (
			);
			dependencies = (
			);
			name = "Day 8 Task";
			productName = "Day 8 Task";
			productReference = C3E0CBC01E54F2FD003CB946 /* Day 8 Task.app */;
			productType = "com.apple.product-type.application";
		};
/* End PBXNativeTarget section */

/* Begin PBXProject section */
		C3E0CBB81E54F2FD003CB946 /* Project object */ = {
			isa = PBXProject;
			attributes = {
				LastSwiftUpdateCheck = 0820;
				LastUpgradeCheck = 0820;
				ORGANIZATIONNAME = "Angela Montierth";
				TargetAttributes = {
					C3E0CBBF1E54F2FD003CB946 = {
						CreatedOnToolsVersion = 8.2.1;
						ProvisioningStyle = Automatic;
					};
				};
			};
			buildConfigurationList = C3E0CBBB1E54F2FD003CB946 /* Build configuration list for PBXProject "Day 8 Task" */;
			compatibilityVersion = "Xcode 3.2";
			developmentRegion = English;
			hasScannedForEncodings = 0;
			knownRegions = (
				en,
				Base,
			);
			mainGroup = C3E0CBB71E54F2FD003CB946;
			productRefGroup = C3E0CBC11E54F2FD003CB946 /* Products */;
			projectDirPath = "";
			projectRoot = "";
			targets = (
				C3E0CBBF1E54F2FD003CB946 /* Day 8 Task */,
			);
		};
/* End PBXProject section */

/* Begin PBXResourcesBuildPhase section */
		C3E0CBBE1E54F2FD003CB946 /* Resources */ = {
			isa = PBXResourcesBuildPhase;
			buildActionMask = 2147483647;
			files = (
				C3E0CBCE1E54F2FD003CB946 /* LaunchScreen.storyboard in Resources */,
				C3E0CBCB1E54F2FD003CB946 /* Assets.xcassets in Resources */,
				C3E0CBC91E54F2FD003CB946 /* Main.storyboard in Resources */,
			);
			runOnlyForDeploymentPostprocessing = 0;
		};
/* End PBXResourcesBuildPhase section */

/* Begin PBXSourcesBuildPhase section */
		C3E0CBBC1E54F2FD003CB946 /* Sources */ = {
			isa = PBXSourcesBuildPhase;
			buildActionMask = 2147483647;
			files = (
				C3E0CBD61E54F491003CB946 /* TaskListTableViewController.swift in Sources */,
				C3E0CBDA1E54F5B1003CB946 /* CoreDataStack.swift in Sources */,
				C3E0CBC41E54F2FD003CB946 /* AppDelegate.swift in Sources */,
				C3E0CBD81E54F55D003CB946 /* TaskDetailTableViewController.swift in Sources */,
			);
			runOnlyForDeploymentPostprocessing = 0;
		};
/* End PBXSourcesBuildPhase section */

/* Begin PBXVariantGroup section */
		C3E0CBC71E54F2FD003CB946 /* Main.storyboard */ = {
			isa = PBXVariantGroup;
			children = (
				C3E0CBC81E54F2FD003CB946 /* Base */,
			);
			name = Main.storyboard;
			sourceTree = "<group>";
		};
		C3E0CBCC1E54F2FD003CB946 /* LaunchScreen.storyboard */ = {
			isa = PBXVariantGroup;
			children = (
				C3E0CBCD1E54F2FD003CB946 /* Base */,
			);
			name = LaunchScreen.storyboard;
			sourceTree = "<group>";
		};
/* End PBXVariantGroup section */

/* Begin XCBuildConfiguration section */
		C3E0CBD01E54F2FD003CB946 /* Debug */ = {
			isa = XCBuildConfiguration;
			buildSettings = {
				ALWAYS_SEARCH_USER_PATHS = NO;
				CLANG_ANALYZER_NONNULL = YES;
				CLANG_CXX_LANGUAGE_STANDARD = "gnu++0x";
				CLANG_CXX_LIBRARY = "libc++";
				CLANG_ENABLE_MODULES = YES;
				CLANG_ENABLE_OBJC_ARC = YES;
				CLANG_WARN_BOOL_CONVERSION = YES;
				CLANG_WARN_CONSTANT_CONVERSION = YES;
				CLANG_WARN_DIRECT_OBJC_ISA_USAGE = YES_ERROR;
				CLANG_WARN_DOCUMENTATION_COMMENTS = YES;
				CLANG_WARN_EMPTY_BODY = YES;
				CLANG_WARN_ENUM_CONVERSION = YES;
				CLANG_WARN_INFINITE_RECURSION = YES;
				CLANG_WARN_INT_CONVERSION = YES;
				CLANG_WARN_OBJC_ROOT_CLASS = YES_ERROR;
				CLANG_WARN_SUSPICIOUS_MOVE = YES;
				CLANG_WARN_UNREACHABLE_CODE = YES;
				CLANG_WARN__DUPLICATE_METHOD_MATCH = YES;
				"CODE_SIGN_IDENTITY[sdk=iphoneos*]" = "iPhone Developer";
				COPY_PHASE_STRIP = NO;
				DEBUG_INFORMATION_FORMAT = dwarf;
				ENABLE_STRICT_OBJC_MSGSEND = YES;
				ENABLE_TESTABILITY = YES;
				GCC_C_LANGUAGE_STANDARD = gnu99;
				GCC_DYNAMIC_NO_PIC = NO;
				GCC_NO_COMMON_BLOCKS = YES;
				GCC_OPTIMIZATION_LEVEL = 0;
				GCC_PREPROCESSOR_DEFINITIONS = (
					"DEBUG=1",
					"$(inherited)",
				);
				GCC_WARN_64_TO_32_BIT_CONVERSION = YES;
				GCC_WARN_ABOUT_RETURN_TYPE = YES_ERROR;
				GCC_WARN_UNDECLARED_SELECTOR = YES;
				GCC_WARN_UNINITIALIZED_AUTOS = YES_AGGRESSIVE;
				GCC_WARN_UNUSED_FUNCTION = YES;
				GCC_WARN_UNUSED_VARIABLE = YES;
				IPHONEOS_DEPLOYMENT_TARGET = 10.2;
				MTL_ENABLE_DEBUG_INFO = YES;
				ONLY_ACTIVE_ARCH = YES;
				SDKROOT = iphoneos;
				SWIFT_ACTIVE_COMPILATION_CONDITIONS = DEBUG;
				SWIFT_OPTIMIZATION_LEVEL = "-Onone";
				TARGETED_DEVICE_FAMILY = "1,2";
			};
			name = Debug;
		};
		C3E0CBD11E54F2FD003CB946 /* Release */ = {
			isa = XCBuildConfiguration;
			buildSettings = {
				ALWAYS_SEARCH_USER_PATHS = NO;
				CLANG_ANALYZER_NONNULL = YES;
				CLANG_CXX_LANGUAGE_STANDARD = "gnu++0x";
				CLANG_CXX_LIBRARY = "libc++";
				CLANG_ENABLE_MODULES = YES;
				CLANG_ENABLE_OBJC_ARC = YES;
				CLANG_WARN_BOOL_CONVERSION = YES;
				CLANG_WARN_CONSTANT_CONVERSION = YES;
				CLANG_WARN_DIRECT_OBJC_ISA_USAGE = YES_ERROR;
				CLANG_WARN_DOCUMENTATION_COMMENTS = YES;
				CLANG_WARN_EMPTY_BODY = YES;
				CLANG_WARN_ENUM_CONVERSION = YES;
				CLANG_WARN_INFINITE_RECURSION = YES;
				CLANG_WARN_INT_CONVERSION = YES;
				CLANG_WARN_OBJC_ROOT_CLASS = YES_ERROR;
				CLANG_WARN_SUSPICIOUS_MOVE = YES;
				CLANG_WARN_UNREACHABLE_CODE = YES;
				CLANG_WARN__DUPLICATE_METHOD_MATCH = YES;
				"CODE_SIGN_IDENTITY[sdk=iphoneos*]" = "iPhone Developer";
				COPY_PHASE_STRIP = NO;
				DEBUG_INFORMATION_FORMAT = "dwarf-with-dsym";
				ENABLE_NS_ASSERTIONS = NO;
				ENABLE_STRICT_OBJC_MSGSEND = YES;
				GCC_C_LANGUAGE_STANDARD = gnu99;
				GCC_NO_COMMON_BLOCKS = YES;
				GCC_WARN_64_TO_32_BIT_CONVERSION = YES;
				GCC_WARN_ABOUT_RETURN_TYPE = YES_ERROR;
				GCC_WARN_UNDECLARED_SELECTOR = YES;
				GCC_WARN_UNINITIALIZED_AUTOS = YES_AGGRESSIVE;
				GCC_WARN_UNUSED_FUNCTION = YES;
				GCC_WARN_UNUSED_VARIABLE = YES;
				IPHONEOS_DEPLOYMENT_TARGET = 10.2;
				MTL_ENABLE_DEBUG_INFO = NO;
				SDKROOT = iphoneos;
				SWIFT_OPTIMIZATION_LEVEL = "-Owholemodule";
				TARGETED_DEVICE_FAMILY = "1,2";
				VALIDATE_PRODUCT = YES;
			};
			name = Release;
		};
		C3E0CBD31E54F2FD003CB946 /* Debug */ = {
			isa = XCBuildConfiguration;
			buildSettings = {
				ASSETCATALOG_COMPILER_APPICON_NAME = AppIcon;
				INFOPLIST_FILE = "Day 8 Task/Info.plist";
				LD_RUNPATH_SEARCH_PATHS = "$(inherited) @executable_path/Frameworks";
				PRODUCT_BUNDLE_IDENTIFIER = "com.example.Day-8-Task";
				PRODUCT_NAME = "$(TARGET_NAME)";
				SWIFT_VERSION = 3.0;
			};
			name = Debug;
		};
		C3E0CBD41E54F2FD003CB946 /* Release */ = {
			isa = XCBuildConfiguration;
			buildSettings = {
				ASSETCATALOG_COMPILER_APPICON_NAME = AppIcon;
				INFOPLIST_FILE = "Day 8 Task/Info.plist";
				LD_RUNPATH_SEARCH_PATHS = "$(inherited) @executable_path/Frameworks";
				PRODUCT_BUNDLE_IDENTIFIER = "com.example.Day-8-Task";
				PRODUCT_NAME = "$(TARGET_NAME)";
				SWIFT_VERSION = 3.0;
			};
			name = Release;
		};
/* End XCBuildConfiguration section */

/* Begin XCConfigurationList section */
		C3E0CBBB1E54F2FD003CB946 /* Build configuration list for PBXProject "Day 8 Task" */ = {
			isa = XCConfigurationList;
			buildConfigurations = (
				C3E0CBD01E54F2FD003CB946 /* Debug */,
				C3E0CBD11E54F2FD003CB946 /* Release */,
			);
			defaultConfigurationIsVisible = 0;
			defaultConfigurationName = Release;
		};
		C3E0CBD21E54F2FD003CB946 /* Build configuration list for PBXNativeTarget "Day 8 Task" */ = {
			isa = XCConfigurationList;
			buildConfigurations = (
				C3E0CBD31E54F2FD003CB946 /* Debug */,
				C3E0CBD41E54F2FD003CB946 /* Release */,
			);
			defaultConfigurationIsVisible = 0;
		};
/* End XCConfigurationList section */
	};
	rootObject = C3E0CBB81E54F2FD003CB946 /* Project object */;
}
